
Microsoft Visual Studio Solution File, Format Version 12.00
# Visual Studio Version 16
VisualStudioVersion = 16.0.30104.148
MinimumVisualStudioVersion = 10.0.40219.1
Project("{FAE04EC0-301F-11D3-BF4B-00C04F79EFBC}") = "SistemaDental", "SistemaDental.csproj", "{541781B5-A339-48DA-966D-B19B6A66EE7F}"
EndProject
Project("{2150E333-8FDC-42A3-9474-1A3956D46DE8}") = "Solution Items", "Solution Items", "{D0049ABE-FEDA-4A4B-ACEB-853F9AF839B6}"
	ProjectSection(SolutionItems) = preProject
		..\..\..\..\..\Downloads\bienvenida.png = ..\..\..\..\..\Downloads\bienvenida.png
		..\..\..\..\..\Downloads\Happy_Sm.png = ..\..\..\..\..\Downloads\Happy_Sm.png
		..\..\..\Downloads\Login Background.jpg = ..\..\..\Downloads\Login Background.jpg
		..\..\..\..\..\Downloads\menu .png = ..\..\..\..\..\Downloads\menu .png
		..\..\..\..\Fotos Proyecto\TeethPattern.jpg = ..\..\..\..\Fotos Proyecto\TeethPattern.jpg
	EndProjectSection
EndProject
Global
	GlobalSection(SolutionConfigurationPlatforms) = preSolution
		Debug|Any CPU = Debug|Any CPU
		Release|Any CPU = Release|Any CPU
	EndGlobalSection
	GlobalSection(ProjectConfigurationPlatforms) = postSolution
		{541781B5-A339-48DA-966D-B19B6A66EE7F}.Debug|Any CPU.ActiveCfg = Debug|Any CPU
		{541781B5-A339-48DA-966D-B19B6A66EE7F}.Debug|Any CPU.Build.0 = Debug|Any CPU
		{541781B5-A339-48DA-966D-B19B6A66EE7F}.Release|Any CPU.ActiveCfg = Release|Any CPU
		{541781B5-A339-48DA-966D-B19B6A66EE7F}.Release|Any CPU.Build.0 = Release|Any CPU
	EndGlobalSection
	GlobalSection(SolutionProperties) = preSolution
		HideSolutionNode = FALSE
	EndGlobalSection
	GlobalSection(ExtensibilityGlobals) = postSolution
		SolutionGuid = {94438B0F-7CC6-47F5-9EF0-0511A9B9031A}
	EndGlobalSection
EndGlobal
